
Microsoft Visual Studio Solution File, Format Version 12.00
# Visual Studio Version 17
VisualStudioVersion = 17.10.35013.160
MinimumVisualStudioVersion = 10.0.40219.1
Project("{9A19103F-16F7-4668-BE54-9A1E7A4F7556}") = "SistemaInventario", "SistemaInventario\SistemaInventario.csproj", "{F8FAE263-835C-4E07-BC2C-E68E5C96D9DB}"
EndProject
Project("{FAE04EC0-301F-11D3-BF4B-00C04F79EFBC}") = "SistemaInventario.AccesoDatos", "SistemaInventario.AccesoDatos\SistemaInventario.AccesoDatos.csproj", "{01BB9016-824D-427E-B26C-6C5E70B7C6C2}"
EndProject
Project("{FAE04EC0-301F-11D3-BF4B-00C04F79EFBC}") = "SistemaInventario.Modelos", "SistemaInventario.Modelos\SistemaInventario.Modelos.csproj", "{9C3D286E-C0FB-4E13-B0F7-D04718753344}"
EndProject
Project("{FAE04EC0-301F-11D3-BF4B-00C04F79EFBC}") = "SistemaInventario.Utilidades", "SistemaInventario.Utilidades\SistemaInventario.Utilidades.csproj", "{BF5D1B40-EEF5-4C57-B82F-AAB30D8B478F}"
EndProject
Global
	GlobalSection(SolutionConfigurationPlatforms) = preSolution
		Debug|Any CPU = Debug|Any CPU
		Release|Any CPU = Release|Any CPU
	EndGlobalSection
	GlobalSection(ProjectConfigurationPlatforms) = postSolution
		{F8FAE263-835C-4E07-BC2C-E68E5C96D9DB}.Debug|Any CPU.ActiveCfg = Debug|Any CPU
		{F8FAE263-835C-4E07-BC2C-E68E5C96D9DB}.Debug|Any CPU.Build.0 = Debug|Any CPU
		{F8FAE263-835C-4E07-BC2C-E68E5C96D9DB}.Release|Any CPU.ActiveCfg = Release|Any CPU
		{F8FAE263-835C-4E07-BC2C-E68E5C96D9DB}.Release|Any CPU.Build.0 = Release|Any CPU
		{01BB9016-824D-427E-B26C-6C5E70B7C6C2}.Debug|Any CPU.ActiveCfg = Debug|Any CPU
		{01BB9016-824D-427E-B26C-6C5E70B7C6C2}.Debug|Any CPU.Build.0 = Debug|Any CPU
		{01BB9016-824D-427E-B26C-6C5E70B7C6C2}.Release|Any CPU.ActiveCfg = Release|Any CPU
		{01BB9016-824D-427E-B26C-6C5E70B7C6C2}.Release|Any CPU.Build.0 = Release|Any CPU
		{9C3D286E-C0FB-4E13-B0F7-D04718753344}.Debug|Any CPU.ActiveCfg = Debug|Any CPU
		{9C3D286E-C0FB-4E13-B0F7-D04718753344}.Debug|Any CPU.Build.0 = Debug|Any CPU
		{9C3D286E-C0FB-4E13-B0F7-D04718753344}.Release|Any CPU.ActiveCfg = Release|Any CPU
		{9C3D286E-C0FB-4E13-B0F7-D04718753344}.Release|Any CPU.Build.0 = Release|Any CPU
		{BF5D1B40-EEF5-4C57-B82F-AAB30D8B478F}.Debug|Any CPU.ActiveCfg = Debug|Any CPU
		{BF5D1B40-EEF5-4C57-B82F-AAB30D8B478F}.Debug|Any CPU.Build.0 = Debug|Any CPU
		{BF5D1B40-EEF5-4C57-B82F-AAB30D8B478F}.Release|Any CPU.ActiveCfg = Release|Any CPU
		{BF5D1B40-EEF5-4C57-B82F-AAB30D8B478F}.Release|Any CPU.Build.0 = Release|Any CPU
	EndGlobalSection
	GlobalSection(SolutionProperties) = preSolution
		HideSolutionNode = FALSE
	EndGlobalSection
	GlobalSection(ExtensibilityGlobals) = postSolution
		SolutionGuid = {2A3D5A56-C017-4537-A79E-433979588921}
	EndGlobalSection
EndGlobal
